<?xml version="1.0" encoding="utf-8"?>
<Project ToolsVersion="4.0" xmlns="http://schemas.microsoft.com/developer/msbuild/2003">
  <ItemGroup>
    <Filter Include="Source Files">
      <UniqueIdentifier>{4FC737F1-C7A5-4376-A066-2A32D752A2FF}</UniqueIdentifier>
      <Extensions>cpp;c;cc;cxx;def;odl;idl;hpj;bat;asm;asmx</Extensions>
    </Filter>
    <Filter Include="Header Files">
      <UniqueIdentifier>{93995380-89BD-4b04-88EB-625FBE52EBFB}</UniqueIdentifier>
      <Extensions>h;hpp;hxx;hm;inl;inc;xsd</Extensions>
    </Filter>
    <Filter Include="Resource Files">
      <UniqueIdentifier>{67DA6AB6-F800-4c08-8B7A-83BB121AAD01}</UniqueIdentifier>
      <Extensions>rc;ico;cur;bmp;dlg;rc2;rct;bin;rgs;gif;jpg;jpeg;jpe;resx;tiff;tif;png;wav;mfcribbon-ms</Extensions>
    </Filter>
    <Filter Include="Header Files\Common">
      <UniqueIdentifier>{c0d0f766-7840-4524-99e4-d0605e661675}</UniqueIdentifier>
    </Filter>
    <Filter Include="Header Files\Common\Nif">
      <UniqueIdentifier>{11137ebb-4f36-4083-896c-4a780b7f94bd}</UniqueIdentifier>
    </Filter>
    <Filter Include="Header Files\Common\Util">
      <UniqueIdentifier>{f0909bac-bef5-4fad-8ae7-86e6b9f02a85}</UniqueIdentifier>
    </Filter>
    <Filter Include="Source Files\Common">
      <UniqueIdentifier>{752a58af-68fb-4409-a7dc-cf83dfd95768}</UniqueIdentifier>
    </Filter>
    <Filter Include="Source Files\Common\Nif">
      <UniqueIdentifier>{ca872080-75dc-4b21-9c26-56d61888584b}</UniqueIdentifier>
    </Filter>
    <Filter Include="Source Files\Common\Util">
      <UniqueIdentifier>{e1b284fd-32d8-46f7-97fc-cacf322d7f30}</UniqueIdentifier>
    </Filter>
  </ItemGroup>
  <ItemGroup>
    <ClCompile Include="NifUtilsSuite.cpp">
      <Filter>Source Files</Filter>
    </ClCompile>
    <ClCompile Include="Common\Nif\NifCollisionUtility.cpp">
      <Filter>Source Files\Common\Nif</Filter>
    </ClCompile>
    <ClCompile Include="Common\Nif\NifUtlMaterial.cpp">
      <Filter>Source Files\Common\Nif</Filter>
    </ClCompile>
    <ClCompile Include="Common\Nif\NifConvertUtility.cpp">
      <Filter>Source Files\Common\Nif</Filter>
    </ClCompile>
    <ClCompile Include="Common\Util\Configuration.cpp">
      <Filter>Source Files\Common\Util</Filter>
    </ClCompile>
    <ClCompile Include="Common\Util\FDCLibHelper.cpp">
      <Filter>Source Files\Common\Util</Filter>
    </ClCompile>
    <ClCompile Include="Common\Util\FDFileHelper.cpp">
      <Filter>Source Files\Common\Util</Filter>
    </ClCompile>
    <ClCompile Include="Common\Util\FDResourceManager.cpp">
      <Filter>Source Files\Common\Util</Filter>
    </ClCompile>
    <ClCompile Include="Common\Util\LogMessageObject.cpp">
      <Filter>Source Files\Common\Util</Filter>
    </ClCompile>
    <ClCompile Include="Common\Nif\NifExtractUtility.cpp">
      <Filter>Source Files\Common\Nif</Filter>
    </ClCompile>
    <ClCompile Include="Common\Nif\NifPrepareUtility.cpp">
      <Filter>Source Files\Common\Nif</Filter>
    </ClCompile>
    <ClCompile Include="Main.cpp">
      <Filter>Source Files</Filter>
    </ClCompile>
    <ClCompile Include="AnimUtil.cpp">
      <Filter>Source Files</Filter>
    </ClCompile>
  </ItemGroup>
  <ItemGroup>
    <ClInclude Include="NifUtilsSuite.h">
      <Filter>Header Files</Filter>
    </ClInclude>
    <ClInclude Include="Resource.h">
      <Filter>Header Files</Filter>
    </ClInclude>
    <ClInclude Include="stdafx.h">
      <Filter>Header Files</Filter>
    </ClInclude>
    <ClInclude Include="targetver.h">
      <Filter>Header Files</Filter>
    </ClInclude>
    <ClInclude Include="version.h">
      <Filter>Header Files</Filter>
    </ClInclude>
    <ClInclude Include="Common\Nif\ChunkNameHandling.h">
      <Filter>Header Files\Common\Nif</Filter>
    </ClInclude>
    <ClInclude Include="Common\Nif\CollisionNodeHandling.h">
      <Filter>Header Files\Common\Nif</Filter>
    </ClInclude>
    <ClInclude Include="Common\Nif\MaterialTypeHandling.h">
      <Filter>Header Files\Common\Nif</Filter>
    </ClInclude>
    <ClInclude Include="Common\Nif\NifChunkData.h">
      <Filter>Header Files\Common\Nif</Filter>
    </ClInclude>
    <ClInclude Include="Common\Nif\NifCollisionUtility.h">
      <Filter>Header Files\Common\Nif</Filter>
    </ClInclude>
    <ClInclude Include="Common\Nif\NifConvertUtility.h">
      <Filter>Header Files\Common\Nif</Filter>
    </ClInclude>
    <ClInclude Include="Common\Nif\NifUtlMaterial.h">
      <Filter>Header Files\Common\Nif</Filter>
    </ClInclude>
    <ClInclude Include="Common\Nif\VertexColorHandling.h">
      <Filter>Header Files\Common\Nif</Filter>
    </ClInclude>
    <ClInclude Include="Common\Util\Configuration.h">
      <Filter>Header Files\Common\Util</Filter>
    </ClInclude>
    <ClInclude Include="Common\Util\DefLogMessageTypes.h">
      <Filter>Header Files\Common\Util</Filter>
    </ClInclude>
    <ClInclude Include="Common\Util\FDCLibHelper.h">
      <Filter>Header Files\Common\Util</Filter>
    </ClInclude>
    <ClInclude Include="Common\Util\FDFileHelper.h">
      <Filter>Header Files\Common\Util</Filter>
    </ClInclude>
    <ClInclude Include="Common\Util\FDToolEntry.h">
      <Filter>Header Files\Common\Util</Filter>
    </ClInclude>
    <ClInclude Include="Common\Util\FDToolTipText.h">
      <Filter>Header Files\Common\Util</Filter>
    </ClInclude>
    <ClInclude Include="Common\Util\IfcBroadcastObject.h">
      <Filter>Header Files\Common\Util</Filter>
    </ClInclude>
    <ClInclude Include="Common\Util\IfcLogMessageObject.h">
      <Filter>Header Files\Common\Util</Filter>
    </ClInclude>
    <ClInclude Include="Common\Util\IfcModelListViewObject.h">
      <Filter>Header Files\Common\Util</Filter>
    </ClInclude>
    <ClInclude Include="Common\Util\LogMessageObject.h">
      <Filter>Header Files\Common\Util</Filter>
    </ClInclude>
  </ItemGroup>
  <ItemGroup>
    <ResourceCompile Include="NifUtilsSuite.rc">
      <Filter>Resource Files</Filter>
    </ResourceCompile>
  </ItemGroup>
  <ItemGroup>
    <None Include="res\Cake_3D_NIF.ico">
      <Filter>Resource Files</Filter>
    </None>
    <None Include="res\havok.bmp">
      <Filter>Resource Files</Filter>
    </None>
    <None Include="res\ModelViewer.bmp">
      <Filter>Resource Files</Filter>
    </None>
    <None Include="res\NifUtilsSuite.rc2">
      <Filter>Resource Files</Filter>
    </None>
    <None Include="res\NifUtilsSuiteDoc.ico">
      <Filter>Resource Files</Filter>
    </None>
    <None Include="res\NifUtilsSuite_NIF.bmp">
      <Filter>Resource Files</Filter>
    </None>
    <None Include="res\Numbers.bmp">
      <Filter>Resource Files</Filter>
    </None>
    <None Include="res\Other.bmp">
      <Filter>Resource Files</Filter>
    </None>
    <None Include="res\OtherDisabled.bmp">
      <Filter>Resource Files</Filter>
    </None>
  </ItemGroup>
</Project>